
Microsoft Visual Studio Solution File, Format Version 12.00
# Visual Studio Version 17
VisualStudioVersion = 17.0.31903.59
MinimumVisualStudioVersion = 10.0.40219.1
Project("{FAE04EC0-301F-11D3-BF4B-00C04F79EFBC}") = "Tyuiu.MitinNV.Sprint5.Task0.V22.Lib", "Tyuiu.MitinNV.Sprint5.Task0.V22.Lib\Tyuiu.MitinNV.Sprint5.Task0.V22.Lib.csproj", "{6F12CE49-991E-4C07-97FB-D9D119CA4680}"
EndProject
Project("{FAE04EC0-301F-11D3-BF4B-00C04F79EFBC}") = "Tyuiu.MitinNV.Sprint5.Task0.V22", "Tyuiu.MitinNV.Sprint5.Task0.V22\Tyuiu.MitinNV.Sprint5.Task0.V22.csproj", "{66BBCD5E-0958-41F7-97A0-A1FDCFCDEB8E}"
EndProject
Project("{FAE04EC0-301F-11D3-BF4B-00C04F79EFBC}") = "Tyuiu.MitinNV.Sprint5.Task0.V22.Test", "Tyuiu.MitinNV.Sprint5.Task0.V22.Test\Tyuiu.MitinNV.Sprint5.Task0.V22.Test.csproj", "{42D5BCEF-3C60-49C0-9B09-CCD5E8668B9E}"
EndProject
Global
	GlobalSection(SolutionConfigurationPlatforms) = preSolution
		Debug|Any CPU = Debug|Any CPU
		Release|Any CPU = Release|Any CPU
	EndGlobalSection
	GlobalSection(SolutionProperties) = preSolution
		HideSolutionNode = FALSE
	EndGlobalSection
	GlobalSection(ProjectConfigurationPlatforms) = postSolution
		{6F12CE49-991E-4C07-97FB-D9D119CA4680}.Debug|Any CPU.ActiveCfg = Debug|Any CPU
		{6F12CE49-991E-4C07-97FB-D9D119CA4680}.Debug|Any CPU.Build.0 = Debug|Any CPU
		{6F12CE49-991E-4C07-97FB-D9D119CA4680}.Release|Any CPU.ActiveCfg = Release|Any CPU
		{6F12CE49-991E-4C07-97FB-D9D119CA4680}.Release|Any CPU.Build.0 = Release|Any CPU
		{66BBCD5E-0958-41F7-97A0-A1FDCFCDEB8E}.Debug|Any CPU.ActiveCfg = Debug|Any CPU
		{66BBCD5E-0958-41F7-97A0-A1FDCFCDEB8E}.Debug|Any CPU.Build.0 = Debug|Any CPU
		{66BBCD5E-0958-41F7-97A0-A1FDCFCDEB8E}.Release|Any CPU.ActiveCfg = Release|Any CPU
		{66BBCD5E-0958-41F7-97A0-A1FDCFCDEB8E}.Release|Any CPU.Build.0 = Release|Any CPU
		{42D5BCEF-3C60-49C0-9B09-CCD5E8668B9E}.Debug|Any CPU.ActiveCfg = Debug|Any CPU
		{42D5BCEF-3C60-49C0-9B09-CCD5E8668B9E}.Debug|Any CPU.Build.0 = Debug|Any CPU
		{42D5BCEF-3C60-49C0-9B09-CCD5E8668B9E}.Release|Any CPU.ActiveCfg = Release|Any CPU
		{42D5BCEF-3C60-49C0-9B09-CCD5E8668B9E}.Release|Any CPU.Build.0 = Release|Any CPU
	EndGlobalSection
EndGlobal
