
Microsoft Visual Studio Solution File, Format Version 12.00
# Visual Studio Version 17
VisualStudioVersion = 17.0.31903.59
MinimumVisualStudioVersion = 10.0.40219.1
Project("{FAE04EC0-301F-11D3-BF4B-00C04F79EFBC}") = "Tyuiu.MitinNV.Sprint5.Task0.V22.Lib", "Tyuiu.MitinNV.Sprint5.Task0.V22.Lib\Tyuiu.MitinNV.Sprint5.Task0.V22.Lib.csproj", "{6F12CE49-991E-4C07-97FB-D9D119CA4680}"
EndProject
Project("{FAE04EC0-301F-11D3-BF4B-00C04F79EFBC}") = "Tyuiu.MitinNV.Sprint5.Task0.V22", "Tyuiu.MitinNV.Sprint5.Task0.V22\Tyuiu.MitinNV.Sprint5.Task0.V22.csproj", "{66BBCD5E-0958-41F7-97A0-A1FDCFCDEB8E}"
EndProject
Project("{FAE04EC0-301F-11D3-BF4B-00C04F79EFBC}") = "Tyuiu.MitinNV.Sprint5.Task0.V22.Test", "Tyuiu.MitinNV.Sprint5.Task0.V22.Test\Tyuiu.MitinNV.Sprint5.Task0.V22.Test.csproj", "{42D5BCEF-3C60-49C0-9B09-CCD5E8668B9E}"
EndProject
Project("{FAE04EC0-301F-11D3-BF4B-00C04F79EFBC}") = "Tyuiu.MitinNV.Sprint5.Task1.V19.Lib", "Tyuiu.MitinNV.Sprint5.Task1.V19.Lib\Tyuiu.MitinNV.Sprint5.Task1.V19.Lib.csproj", "{2B7C9616-BD76-4D45-A3FA-E6428A41A1C5}"
EndProject
Project("{FAE04EC0-301F-11D3-BF4B-00C04F79EFBC}") = "Tyuiu.MitinNV.Sprint5.Task1.V19", "Tyuiu.MitinNV.Sprint5.Task1.V19\Tyuiu.MitinNV.Sprint5.Task1.V19.csproj", "{7A4484E5-1FBE-4B42-A051-A34302F65D2E}"
EndProject
Project("{FAE04EC0-301F-11D3-BF4B-00C04F79EFBC}") = "Tyuiu.MitinNV.Sprint5.Task1.V19.Test", "Tyuiu.MitinNV.Sprint5.Task1.V19.Test\Tyuiu.MitinNV.Sprint5.Task1.V19.Test.csproj", "{4AB62EA6-1E49-4632-B13F-F84308F11C34}"
EndProject
Project("{FAE04EC0-301F-11D3-BF4B-00C04F79EFBC}") = "Tyuiu.MitinNV.Sprint5.Task2.V27.Lib", "Tyuiu.MitinNV.Sprint5.Task2.V27.Lib\Tyuiu.MitinNV.Sprint5.Task2.V27.Lib.csproj", "{4692CB58-2AF3-4C8E-A256-619548DE0E53}"
EndProject
Project("{FAE04EC0-301F-11D3-BF4B-00C04F79EFBC}") = "Tyuiu.MitinNV.Sprint5.Task2.V27", "Tyuiu.MitinNV.Sprint5.Task2.V27\Tyuiu.MitinNV.Sprint5.Task2.V27.csproj", "{87F468FB-AAD9-4ED8-BD44-CECF372502BF}"
EndProject
Project("{FAE04EC0-301F-11D3-BF4B-00C04F79EFBC}") = "Tyuiu.MitinNV.Sprint5.Task2.V27.Test", "Tyuiu.MitinNV.Sprint5.Task2.V27.Test\Tyuiu.MitinNV.Sprint5.Task2.V27.Test.csproj", "{9DD23AB1-3AD3-4F56-8FD7-658A6EBF0E95}"
EndProject
Project("{FAE04EC0-301F-11D3-BF4B-00C04F79EFBC}") = "Tyuiu.MitinNV.Sprint5.Task3.V12.Lib", "Tyuiu.MitinNV.Sprint5.Task3.V12.Lib\Tyuiu.MitinNV.Sprint5.Task3.V12.Lib.csproj", "{EA1DE11E-3161-4D80-BE43-839A195E9010}"
EndProject
Project("{FAE04EC0-301F-11D3-BF4B-00C04F79EFBC}") = "Tyuiu.MitinNV.Sprint5.Task3.V12", "Tyuiu.MitinNV.Sprint5.Task3.V12\Tyuiu.MitinNV.Sprint5.Task3.V12.csproj", "{9ACFDD33-2A3B-4040-ADEC-909A1057C2D4}"
EndProject
Project("{FAE04EC0-301F-11D3-BF4B-00C04F79EFBC}") = "Tyuiu.MitinNV.Sprint5.Task3.V12.Test", "Tyuiu.MitinNV.Sprint5.Task3.V12.Test\Tyuiu.MitinNV.Sprint5.Task3.V12.Test.csproj", "{9AC8D6CD-9A78-4F19-98BA-49184D158A4D}"
EndProject
Project("{FAE04EC0-301F-11D3-BF4B-00C04F79EFBC}") = "Tyuiu.MitinNV.Sprint5.Task4.V8.Lib", "Tyuiu.MitinNV.Sprint5.Task4.V8.Lib\Tyuiu.MitinNV.Sprint5.Task4.V8.Lib.csproj", "{4E490620-BCF5-47C4-8961-88D1D42716D0}"
EndProject
Project("{FAE04EC0-301F-11D3-BF4B-00C04F79EFBC}") = "Tyuiu.MitinNV.Sprint5.Task4.V8", "Tyuiu.MitinNV.Sprint5.Task4.V8\Tyuiu.MitinNV.Sprint5.Task4.V8.csproj", "{2AF88287-86AB-4CB6-BCBC-3A55C87CE754}"
EndProject
Project("{FAE04EC0-301F-11D3-BF4B-00C04F79EFBC}") = "Tyuiu.MitinNV.Sprint5.Task4.V8.Test", "Tyuiu.MitinNV.Sprint5.Task4.V8.Test\Tyuiu.MitinNV.Sprint5.Task4.V8.Test.csproj", "{E9AF6C14-3899-425F-A7C3-B607134970A6}"
EndProject
Project("{FAE04EC0-301F-11D3-BF4B-00C04F79EFBC}") = "Tyuiu.MitinNV.Sprint5.Task5.V7.Lib", "Tyuiu.MitinNV.Sprint5.Task5.V7.Lib\Tyuiu.MitinNV.Sprint5.Task5.V7.Lib.csproj", "{E8B8C21F-7EAC-4D77-8B9C-5B3B082330E3}"
EndProject
Project("{FAE04EC0-301F-11D3-BF4B-00C04F79EFBC}") = "Tyuiu.MitinNV.Sprint5.Task5.V7", "Tyuiu.MitinNV.Sprint5.Task5.V7\Tyuiu.MitinNV.Sprint5.Task5.V7.csproj", "{5F0839AE-CC5E-43F3-A8EE-439D0848F297}"
EndProject
Project("{FAE04EC0-301F-11D3-BF4B-00C04F79EFBC}") = "Tyuiu.MitinNV.Sprint5.Task5.V7.Test", "Tyuiu.MitinNV.Sprint5.Task5.V7.Test\Tyuiu.MitinNV.Sprint5.Task5.V7.Test.csproj", "{A41270BC-E7B8-448F-91C8-516E81C30684}"
EndProject
Project("{FAE04EC0-301F-11D3-BF4B-00C04F79EFBC}") = "Tyuiu.MitinNV.Sprint5.Task6.V26.Lib", "Tyuiu.MitinNV.Sprint5.Task6.V26.Lib\Tyuiu.MitinNV.Sprint5.Task6.V26.Lib.csproj", "{B9B5CA0C-0844-49A5-9E85-A1338DCB01AF}"
EndProject
Project("{FAE04EC0-301F-11D3-BF4B-00C04F79EFBC}") = "Tyuiu.MitinNV.Sprint5.Task6.V26", "Tyuiu.MitinNV.Sprint5.Task6.V26\Tyuiu.MitinNV.Sprint5.Task6.V26.csproj", "{4B4CD538-3F18-4CC7-8CC6-B132F963B438}"
EndProject
Project("{FAE04EC0-301F-11D3-BF4B-00C04F79EFBC}") = "Tyuiu.MitinNV.Sprint5.Task6.V26.Test", "Tyuiu.MitinNV.Sprint5.Task6.V26.Test\Tyuiu.MitinNV.Sprint5.Task6.V26.Test.csproj", "{E64549A9-5EA7-407B-B9F8-8CDC66930A9C}"
EndProject
Global
	GlobalSection(SolutionConfigurationPlatforms) = preSolution
		Debug|Any CPU = Debug|Any CPU
		Release|Any CPU = Release|Any CPU
	EndGlobalSection
	GlobalSection(SolutionProperties) = preSolution
		HideSolutionNode = FALSE
	EndGlobalSection
	GlobalSection(ProjectConfigurationPlatforms) = postSolution
		{6F12CE49-991E-4C07-97FB-D9D119CA4680}.Debug|Any CPU.ActiveCfg = Debug|Any CPU
		{6F12CE49-991E-4C07-97FB-D9D119CA4680}.Debug|Any CPU.Build.0 = Debug|Any CPU
		{6F12CE49-991E-4C07-97FB-D9D119CA4680}.Release|Any CPU.ActiveCfg = Release|Any CPU
		{6F12CE49-991E-4C07-97FB-D9D119CA4680}.Release|Any CPU.Build.0 = Release|Any CPU
		{66BBCD5E-0958-41F7-97A0-A1FDCFCDEB8E}.Debug|Any CPU.ActiveCfg = Debug|Any CPU
		{66BBCD5E-0958-41F7-97A0-A1FDCFCDEB8E}.Debug|Any CPU.Build.0 = Debug|Any CPU
		{66BBCD5E-0958-41F7-97A0-A1FDCFCDEB8E}.Release|Any CPU.ActiveCfg = Release|Any CPU
		{66BBCD5E-0958-41F7-97A0-A1FDCFCDEB8E}.Release|Any CPU.Build.0 = Release|Any CPU
		{42D5BCEF-3C60-49C0-9B09-CCD5E8668B9E}.Debug|Any CPU.ActiveCfg = Debug|Any CPU
		{42D5BCEF-3C60-49C0-9B09-CCD5E8668B9E}.Debug|Any CPU.Build.0 = Debug|Any CPU
		{42D5BCEF-3C60-49C0-9B09-CCD5E8668B9E}.Release|Any CPU.ActiveCfg = Release|Any CPU
		{42D5BCEF-3C60-49C0-9B09-CCD5E8668B9E}.Release|Any CPU.Build.0 = Release|Any CPU
		{2B7C9616-BD76-4D45-A3FA-E6428A41A1C5}.Debug|Any CPU.ActiveCfg = Debug|Any CPU
		{2B7C9616-BD76-4D45-A3FA-E6428A41A1C5}.Debug|Any CPU.Build.0 = Debug|Any CPU
		{2B7C9616-BD76-4D45-A3FA-E6428A41A1C5}.Release|Any CPU.ActiveCfg = Release|Any CPU
		{2B7C9616-BD76-4D45-A3FA-E6428A41A1C5}.Release|Any CPU.Build.0 = Release|Any CPU
		{7A4484E5-1FBE-4B42-A051-A34302F65D2E}.Debug|Any CPU.ActiveCfg = Debug|Any CPU
		{7A4484E5-1FBE-4B42-A051-A34302F65D2E}.Debug|Any CPU.Build.0 = Debug|Any CPU
		{7A4484E5-1FBE-4B42-A051-A34302F65D2E}.Release|Any CPU.ActiveCfg = Release|Any CPU
		{7A4484E5-1FBE-4B42-A051-A34302F65D2E}.Release|Any CPU.Build.0 = Release|Any CPU
		{4AB62EA6-1E49-4632-B13F-F84308F11C34}.Debug|Any CPU.ActiveCfg = Debug|Any CPU
		{4AB62EA6-1E49-4632-B13F-F84308F11C34}.Debug|Any CPU.Build.0 = Debug|Any CPU
		{4AB62EA6-1E49-4632-B13F-F84308F11C34}.Release|Any CPU.ActiveCfg = Release|Any CPU
		{4AB62EA6-1E49-4632-B13F-F84308F11C34}.Release|Any CPU.Build.0 = Release|Any CPU
		{4692CB58-2AF3-4C8E-A256-619548DE0E53}.Debug|Any CPU.ActiveCfg = Debug|Any CPU
		{4692CB58-2AF3-4C8E-A256-619548DE0E53}.Debug|Any CPU.Build.0 = Debug|Any CPU
		{4692CB58-2AF3-4C8E-A256-619548DE0E53}.Release|Any CPU.ActiveCfg = Release|Any CPU
		{4692CB58-2AF3-4C8E-A256-619548DE0E53}.Release|Any CPU.Build.0 = Release|Any CPU
		{87F468FB-AAD9-4ED8-BD44-CECF372502BF}.Debug|Any CPU.ActiveCfg = Debug|Any CPU
		{87F468FB-AAD9-4ED8-BD44-CECF372502BF}.Debug|Any CPU.Build.0 = Debug|Any CPU
		{87F468FB-AAD9-4ED8-BD44-CECF372502BF}.Release|Any CPU.ActiveCfg = Release|Any CPU
		{87F468FB-AAD9-4ED8-BD44-CECF372502BF}.Release|Any CPU.Build.0 = Release|Any CPU
		{9DD23AB1-3AD3-4F56-8FD7-658A6EBF0E95}.Debug|Any CPU.ActiveCfg = Debug|Any CPU
		{9DD23AB1-3AD3-4F56-8FD7-658A6EBF0E95}.Debug|Any CPU.Build.0 = Debug|Any CPU
		{9DD23AB1-3AD3-4F56-8FD7-658A6EBF0E95}.Release|Any CPU.ActiveCfg = Release|Any CPU
		{9DD23AB1-3AD3-4F56-8FD7-658A6EBF0E95}.Release|Any CPU.Build.0 = Release|Any CPU
		{EA1DE11E-3161-4D80-BE43-839A195E9010}.Debug|Any CPU.ActiveCfg = Debug|Any CPU
		{EA1DE11E-3161-4D80-BE43-839A195E9010}.Debug|Any CPU.Build.0 = Debug|Any CPU
		{EA1DE11E-3161-4D80-BE43-839A195E9010}.Release|Any CPU.ActiveCfg = Release|Any CPU
		{EA1DE11E-3161-4D80-BE43-839A195E9010}.Release|Any CPU.Build.0 = Release|Any CPU
		{9ACFDD33-2A3B-4040-ADEC-909A1057C2D4}.Debug|Any CPU.ActiveCfg = Debug|Any CPU
		{9ACFDD33-2A3B-4040-ADEC-909A1057C2D4}.Debug|Any CPU.Build.0 = Debug|Any CPU
		{9ACFDD33-2A3B-4040-ADEC-909A1057C2D4}.Release|Any CPU.ActiveCfg = Release|Any CPU
		{9ACFDD33-2A3B-4040-ADEC-909A1057C2D4}.Release|Any CPU.Build.0 = Release|Any CPU
		{9AC8D6CD-9A78-4F19-98BA-49184D158A4D}.Debug|Any CPU.ActiveCfg = Debug|Any CPU
		{9AC8D6CD-9A78-4F19-98BA-49184D158A4D}.Debug|Any CPU.Build.0 = Debug|Any CPU
		{9AC8D6CD-9A78-4F19-98BA-49184D158A4D}.Release|Any CPU.ActiveCfg = Release|Any CPU
		{9AC8D6CD-9A78-4F19-98BA-49184D158A4D}.Release|Any CPU.Build.0 = Release|Any CPU
		{4E490620-BCF5-47C4-8961-88D1D42716D0}.Debug|Any CPU.ActiveCfg = Debug|Any CPU
		{4E490620-BCF5-47C4-8961-88D1D42716D0}.Debug|Any CPU.Build.0 = Debug|Any CPU
		{4E490620-BCF5-47C4-8961-88D1D42716D0}.Release|Any CPU.ActiveCfg = Release|Any CPU
		{4E490620-BCF5-47C4-8961-88D1D42716D0}.Release|Any CPU.Build.0 = Release|Any CPU
		{2AF88287-86AB-4CB6-BCBC-3A55C87CE754}.Debug|Any CPU.ActiveCfg = Debug|Any CPU
		{2AF88287-86AB-4CB6-BCBC-3A55C87CE754}.Debug|Any CPU.Build.0 = Debug|Any CPU
		{2AF88287-86AB-4CB6-BCBC-3A55C87CE754}.Release|Any CPU.ActiveCfg = Release|Any CPU
		{2AF88287-86AB-4CB6-BCBC-3A55C87CE754}.Release|Any CPU.Build.0 = Release|Any CPU
		{E9AF6C14-3899-425F-A7C3-B607134970A6}.Debug|Any CPU.ActiveCfg = Debug|Any CPU
		{E9AF6C14-3899-425F-A7C3-B607134970A6}.Debug|Any CPU.Build.0 = Debug|Any CPU
		{E9AF6C14-3899-425F-A7C3-B607134970A6}.Release|Any CPU.ActiveCfg = Release|Any CPU
		{E9AF6C14-3899-425F-A7C3-B607134970A6}.Release|Any CPU.Build.0 = Release|Any CPU
		{E8B8C21F-7EAC-4D77-8B9C-5B3B082330E3}.Debug|Any CPU.ActiveCfg = Debug|Any CPU
		{E8B8C21F-7EAC-4D77-8B9C-5B3B082330E3}.Debug|Any CPU.Build.0 = Debug|Any CPU
		{E8B8C21F-7EAC-4D77-8B9C-5B3B082330E3}.Release|Any CPU.ActiveCfg = Release|Any CPU
		{E8B8C21F-7EAC-4D77-8B9C-5B3B082330E3}.Release|Any CPU.Build.0 = Release|Any CPU
		{5F0839AE-CC5E-43F3-A8EE-439D0848F297}.Debug|Any CPU.ActiveCfg = Debug|Any CPU
		{5F0839AE-CC5E-43F3-A8EE-439D0848F297}.Debug|Any CPU.Build.0 = Debug|Any CPU
		{5F0839AE-CC5E-43F3-A8EE-439D0848F297}.Release|Any CPU.ActiveCfg = Release|Any CPU
		{5F0839AE-CC5E-43F3-A8EE-439D0848F297}.Release|Any CPU.Build.0 = Release|Any CPU
		{A41270BC-E7B8-448F-91C8-516E81C30684}.Debug|Any CPU.ActiveCfg = Debug|Any CPU
		{A41270BC-E7B8-448F-91C8-516E81C30684}.Debug|Any CPU.Build.0 = Debug|Any CPU
		{A41270BC-E7B8-448F-91C8-516E81C30684}.Release|Any CPU.ActiveCfg = Release|Any CPU
		{A41270BC-E7B8-448F-91C8-516E81C30684}.Release|Any CPU.Build.0 = Release|Any CPU
		{B9B5CA0C-0844-49A5-9E85-A1338DCB01AF}.Debug|Any CPU.ActiveCfg = Debug|Any CPU
		{B9B5CA0C-0844-49A5-9E85-A1338DCB01AF}.Debug|Any CPU.Build.0 = Debug|Any CPU
		{B9B5CA0C-0844-49A5-9E85-A1338DCB01AF}.Release|Any CPU.ActiveCfg = Release|Any CPU
		{B9B5CA0C-0844-49A5-9E85-A1338DCB01AF}.Release|Any CPU.Build.0 = Release|Any CPU
		{4B4CD538-3F18-4CC7-8CC6-B132F963B438}.Debug|Any CPU.ActiveCfg = Debug|Any CPU
		{4B4CD538-3F18-4CC7-8CC6-B132F963B438}.Debug|Any CPU.Build.0 = Debug|Any CPU
		{4B4CD538-3F18-4CC7-8CC6-B132F963B438}.Release|Any CPU.ActiveCfg = Release|Any CPU
		{4B4CD538-3F18-4CC7-8CC6-B132F963B438}.Release|Any CPU.Build.0 = Release|Any CPU
		{E64549A9-5EA7-407B-B9F8-8CDC66930A9C}.Debug|Any CPU.ActiveCfg = Debug|Any CPU
		{E64549A9-5EA7-407B-B9F8-8CDC66930A9C}.Debug|Any CPU.Build.0 = Debug|Any CPU
		{E64549A9-5EA7-407B-B9F8-8CDC66930A9C}.Release|Any CPU.ActiveCfg = Release|Any CPU
		{E64549A9-5EA7-407B-B9F8-8CDC66930A9C}.Release|Any CPU.Build.0 = Release|Any CPU
	EndGlobalSection
EndGlobal
